
Microsoft Visual Studio Solution File, Format Version 12.00
# Visual Studio Version 17
VisualStudioVersion = 17.4.33403.182
MinimumVisualStudioVersion = 10.0.40219.1
Project("{FAE04EC0-301F-11D3-BF4B-00C04F79EFBC}") = "Classificação imc", "Classificação imc\Classificação imc.csproj", "{E53CF52E-1F22-4E4D-AC99-802014376E43}"
EndProject
Global
	GlobalSection(SolutionConfigurationPlatforms) = preSolution
		Debug|Any CPU = Debug|Any CPU
		Release|Any CPU = Release|Any CPU
	EndGlobalSection
	GlobalSection(ProjectConfigurationPlatforms) = postSolution
		{E53CF52E-1F22-4E4D-AC99-802014376E43}.Debug|Any CPU.ActiveCfg = Debug|Any CPU
		{E53CF52E-1F22-4E4D-AC99-802014376E43}.Debug|Any CPU.Build.0 = Debug|Any CPU
		{E53CF52E-1F22-4E4D-AC99-802014376E43}.Release|Any CPU.ActiveCfg = Release|Any CPU
		{E53CF52E-1F22-4E4D-AC99-802014376E43}.Release|Any CPU.Build.0 = Release|Any CPU
	EndGlobalSection
	GlobalSection(SolutionProperties) = preSolution
		HideSolutionNode = FALSE
	EndGlobalSection
	GlobalSection(ExtensibilityGlobals) = postSolution
		SolutionGuid = {224A56BC-0EEE-41A1-ADBD-B31D824CD24F}
	EndGlobalSection
EndGlobal
